
Microsoft Visual Studio Solution File, Format Version 12.00
# Visual Studio Version 16
VisualStudioVersion = 16.0.30523.141
MinimumVisualStudioVersion = 10.0.40219.1
Project("{8BC9CEB8-8B4A-11D0-8D11-00A0C91BC942}") = "UnitTest", "UnitTest\UnitTest.vcxproj", "{54D53F39-C59A-4A89-92C8-4DE5C82C8CD3}"
	ProjectSection(ProjectDependencies) = postProject
		{D3C80E78-DCA4-4EA5-8755-FEA39373D525} = {D3C80E78-DCA4-4EA5-8755-FEA39373D525}
	EndProjectSection
EndProject
Project("{8BC9CEB8-8B4A-11D0-8D11-00A0C91BC942}") = "ConsoleApp", "ConsoleApp\ConsoleApp.vcxproj", "{8FBD1E95-00B6-4552-90AE-36135B7CD243}"
	ProjectSection(ProjectDependencies) = postProject
		{D3C80E78-DCA4-4EA5-8755-FEA39373D525} = {D3C80E78-DCA4-4EA5-8755-FEA39373D525}
	EndProjectSection
EndProject
Project("{8BC9CEB8-8B4A-11D0-8D11-00A0C91BC942}") = "MazeLib", "MazeLib\MazeLib.vcxproj", "{D3C80E78-DCA4-4EA5-8755-FEA39373D525}"
EndProject
Project("{8BC9CEB8-8B4A-11D0-8D11-00A0C91BC942}") = "Algorithm", "Algorithm\Algorithm.vcxproj", "{290BAA15-FD24-4A30-B4ED-DAE38E41FA19}"
EndProject
Project("{8BC9CEB8-8B4A-11D0-8D11-00A0C91BC942}") = "TestConsole", "TestConsole\TestConsole.vcxproj", "{161A70B8-89D1-4660-BF34-CFA52F46D5DD}"
	ProjectSection(ProjectDependencies) = postProject
		{290BAA15-FD24-4A30-B4ED-DAE38E41FA19} = {290BAA15-FD24-4A30-B4ED-DAE38E41FA19}
		{D3C80E78-DCA4-4EA5-8755-FEA39373D525} = {D3C80E78-DCA4-4EA5-8755-FEA39373D525}
	EndProjectSection
EndProject
Project("{8BC9CEB8-8B4A-11D0-8D11-00A0C91BC942}") = "MazeCrackerDotnet", "MazeCrackerDotnet\MazeCrackerDotnet.vcxproj", "{951D6536-9055-47A1-99AD-29C75B062A7D}"
	ProjectSection(ProjectDependencies) = postProject
		{290BAA15-FD24-4A30-B4ED-DAE38E41FA19} = {290BAA15-FD24-4A30-B4ED-DAE38E41FA19}
		{D3C80E78-DCA4-4EA5-8755-FEA39373D525} = {D3C80E78-DCA4-4EA5-8755-FEA39373D525}
	EndProjectSection
EndProject
Project("{FAE04EC0-301F-11D3-BF4B-00C04F79EFBC}") = "CSharpConsole", "CSharpConsole\CSharpConsole.csproj", "{B92F2A6B-3775-488A-BF62-D7BBE5A27342}"
	ProjectSection(ProjectDependencies) = postProject
		{951D6536-9055-47A1-99AD-29C75B062A7D} = {951D6536-9055-47A1-99AD-29C75B062A7D}
	EndProjectSection
EndProject
Global
	GlobalSection(SolutionConfigurationPlatforms) = preSolution
		Debug|Any CPU = Debug|Any CPU
		Debug|x64 = Debug|x64
		Debug|x86 = Debug|x86
		Release|Any CPU = Release|Any CPU
		Release|x64 = Release|x64
		Release|x86 = Release|x86
	EndGlobalSection
	GlobalSection(ProjectConfigurationPlatforms) = postSolution
		{54D53F39-C59A-4A89-92C8-4DE5C82C8CD3}.Debug|Any CPU.ActiveCfg = Debug|Win32
		{54D53F39-C59A-4A89-92C8-4DE5C82C8CD3}.Debug|x64.ActiveCfg = Debug|x64
		{54D53F39-C59A-4A89-92C8-4DE5C82C8CD3}.Debug|x64.Build.0 = Debug|x64
		{54D53F39-C59A-4A89-92C8-4DE5C82C8CD3}.Debug|x86.ActiveCfg = Debug|Win32
		{54D53F39-C59A-4A89-92C8-4DE5C82C8CD3}.Debug|x86.Build.0 = Debug|Win32
		{54D53F39-C59A-4A89-92C8-4DE5C82C8CD3}.Release|Any CPU.ActiveCfg = Release|Win32
		{54D53F39-C59A-4A89-92C8-4DE5C82C8CD3}.Release|x64.ActiveCfg = Release|x64
		{54D53F39-C59A-4A89-92C8-4DE5C82C8CD3}.Release|x64.Build.0 = Release|x64
		{54D53F39-C59A-4A89-92C8-4DE5C82C8CD3}.Release|x86.ActiveCfg = Release|Win32
		{54D53F39-C59A-4A89-92C8-4DE5C82C8CD3}.Release|x86.Build.0 = Release|Win32
		{8FBD1E95-00B6-4552-90AE-36135B7CD243}.Debug|Any CPU.ActiveCfg = Debug|Win32
		{8FBD1E95-00B6-4552-90AE-36135B7CD243}.Debug|x64.ActiveCfg = Debug|x64
		{8FBD1E95-00B6-4552-90AE-36135B7CD243}.Debug|x64.Build.0 = Debug|x64
		{8FBD1E95-00B6-4552-90AE-36135B7CD243}.Debug|x86.ActiveCfg = Debug|Win32
		{8FBD1E95-00B6-4552-90AE-36135B7CD243}.Debug|x86.Build.0 = Debug|Win32
		{8FBD1E95-00B6-4552-90AE-36135B7CD243}.Release|Any CPU.ActiveCfg = Release|Win32
		{8FBD1E95-00B6-4552-90AE-36135B7CD243}.Release|x64.ActiveCfg = Release|x64
		{8FBD1E95-00B6-4552-90AE-36135B7CD243}.Release|x64.Build.0 = Release|x64
		{8FBD1E95-00B6-4552-90AE-36135B7CD243}.Release|x86.ActiveCfg = Release|Win32
		{8FBD1E95-00B6-4552-90AE-36135B7CD243}.Release|x86.Build.0 = Release|Win32
		{D3C80E78-DCA4-4EA5-8755-FEA39373D525}.Debug|Any CPU.ActiveCfg = Debug|Win32
		{D3C80E78-DCA4-4EA5-8755-FEA39373D525}.Debug|x64.ActiveCfg = Debug|x64
		{D3C80E78-DCA4-4EA5-8755-FEA39373D525}.Debug|x64.Build.0 = Debug|x64
		{D3C80E78-DCA4-4EA5-8755-FEA39373D525}.Debug|x86.ActiveCfg = Debug|Win32
		{D3C80E78-DCA4-4EA5-8755-FEA39373D525}.Debug|x86.Build.0 = Debug|Win32
		{D3C80E78-DCA4-4EA5-8755-FEA39373D525}.Release|Any CPU.ActiveCfg = Release|Win32
		{D3C80E78-DCA4-4EA5-8755-FEA39373D525}.Release|x64.ActiveCfg = Release|x64
		{D3C80E78-DCA4-4EA5-8755-FEA39373D525}.Release|x64.Build.0 = Release|x64
		{D3C80E78-DCA4-4EA5-8755-FEA39373D525}.Release|x86.ActiveCfg = Release|Win32
		{D3C80E78-DCA4-4EA5-8755-FEA39373D525}.Release|x86.Build.0 = Release|Win32
		{290BAA15-FD24-4A30-B4ED-DAE38E41FA19}.Debug|Any CPU.ActiveCfg = Debug|Win32
		{290BAA15-FD24-4A30-B4ED-DAE38E41FA19}.Debug|x64.ActiveCfg = Debug|x64
		{290BAA15-FD24-4A30-B4ED-DAE38E41FA19}.Debug|x64.Build.0 = Debug|x64
		{290BAA15-FD24-4A30-B4ED-DAE38E41FA19}.Debug|x86.ActiveCfg = Debug|Win32
		{290BAA15-FD24-4A30-B4ED-DAE38E41FA19}.Debug|x86.Build.0 = Debug|Win32
		{290BAA15-FD24-4A30-B4ED-DAE38E41FA19}.Release|Any CPU.ActiveCfg = Release|Win32
		{290BAA15-FD24-4A30-B4ED-DAE38E41FA19}.Release|x64.ActiveCfg = Release|x64
		{290BAA15-FD24-4A30-B4ED-DAE38E41FA19}.Release|x64.Build.0 = Release|x64
		{290BAA15-FD24-4A30-B4ED-DAE38E41FA19}.Release|x86.ActiveCfg = Release|Win32
		{290BAA15-FD24-4A30-B4ED-DAE38E41FA19}.Release|x86.Build.0 = Release|Win32
		{161A70B8-89D1-4660-BF34-CFA52F46D5DD}.Debug|Any CPU.ActiveCfg = Debug|Win32
		{161A70B8-89D1-4660-BF34-CFA52F46D5DD}.Debug|x64.ActiveCfg = Debug|x64
		{161A70B8-89D1-4660-BF34-CFA52F46D5DD}.Debug|x64.Build.0 = Debug|x64
		{161A70B8-89D1-4660-BF34-CFA52F46D5DD}.Debug|x86.ActiveCfg = Debug|Win32
		{161A70B8-89D1-4660-BF34-CFA52F46D5DD}.Debug|x86.Build.0 = Debug|Win32
		{161A70B8-89D1-4660-BF34-CFA52F46D5DD}.Release|Any CPU.ActiveCfg = Release|Win32
		{161A70B8-89D1-4660-BF34-CFA52F46D5DD}.Release|x64.ActiveCfg = Release|x64
		{161A70B8-89D1-4660-BF34-CFA52F46D5DD}.Release|x64.Build.0 = Release|x64
		{161A70B8-89D1-4660-BF34-CFA52F46D5DD}.Release|x86.ActiveCfg = Release|Win32
		{161A70B8-89D1-4660-BF34-CFA52F46D5DD}.Release|x86.Build.0 = Release|Win32
		{951D6536-9055-47A1-99AD-29C75B062A7D}.Debug|Any CPU.ActiveCfg = Debug|Win32
		{951D6536-9055-47A1-99AD-29C75B062A7D}.Debug|x64.ActiveCfg = Debug|x64
		{951D6536-9055-47A1-99AD-29C75B062A7D}.Debug|x64.Build.0 = Debug|x64
		{951D6536-9055-47A1-99AD-29C75B062A7D}.Debug|x86.ActiveCfg = Debug|Win32
		{951D6536-9055-47A1-99AD-29C75B062A7D}.Debug|x86.Build.0 = Debug|Win32
		{951D6536-9055-47A1-99AD-29C75B062A7D}.Release|Any CPU.ActiveCfg = Release|Win32
		{951D6536-9055-47A1-99AD-29C75B062A7D}.Release|x64.ActiveCfg = Release|x64
		{951D6536-9055-47A1-99AD-29C75B062A7D}.Release|x64.Build.0 = Release|x64
		{951D6536-9055-47A1-99AD-29C75B062A7D}.Release|x86.ActiveCfg = Release|Win32
		{951D6536-9055-47A1-99AD-29C75B062A7D}.Release|x86.Build.0 = Release|Win32
		{B92F2A6B-3775-488A-BF62-D7BBE5A27342}.Debug|Any CPU.ActiveCfg = Debug|Any CPU
		{B92F2A6B-3775-488A-BF62-D7BBE5A27342}.Debug|Any CPU.Build.0 = Debug|Any CPU
		{B92F2A6B-3775-488A-BF62-D7BBE5A27342}.Debug|x64.ActiveCfg = Debug|Any CPU
		{B92F2A6B-3775-488A-BF62-D7BBE5A27342}.Debug|x64.Build.0 = Debug|Any CPU
		{B92F2A6B-3775-488A-BF62-D7BBE5A27342}.Debug|x86.ActiveCfg = Debug|Any CPU
		{B92F2A6B-3775-488A-BF62-D7BBE5A27342}.Debug|x86.Build.0 = Debug|Any CPU
		{B92F2A6B-3775-488A-BF62-D7BBE5A27342}.Release|Any CPU.ActiveCfg = Release|Any CPU
		{B92F2A6B-3775-488A-BF62-D7BBE5A27342}.Release|Any CPU.Build.0 = Release|Any CPU
		{B92F2A6B-3775-488A-BF62-D7BBE5A27342}.Release|x64.ActiveCfg = Release|Any CPU
		{B92F2A6B-3775-488A-BF62-D7BBE5A27342}.Release|x64.Build.0 = Release|Any CPU
		{B92F2A6B-3775-488A-BF62-D7BBE5A27342}.Release|x86.ActiveCfg = Release|Any CPU
		{B92F2A6B-3775-488A-BF62-D7BBE5A27342}.Release|x86.Build.0 = Release|Any CPU
	EndGlobalSection
	GlobalSection(SolutionProperties) = preSolution
		HideSolutionNode = FALSE
	EndGlobalSection
	GlobalSection(ExtensibilityGlobals) = postSolution
		SolutionGuid = {6C575C80-7D5E-4668-A053-9BFD2FD78121}
	EndGlobalSection
EndGlobal
